# This file is automatically @generated by Cargo.
# It is not intended for manual editing.
[[package]]
name = "serve-file"
version = "0.1.0"
dependencies = [
 "suborbital",
]

[[package]]
name = "suborbital"
version = "0.8.1"
source = "registry+https://github.com/rust-lang/crates.io-index"
checksum = "0b237d62b05d5dabe64b4dcffc1d0b7559c7858d77b7c5b6f43c1dc7b96083a8"
